
Microsoft Visual Studio Solution File, Format Version 12.00
# Visual Studio Version 17
VisualStudioVersion = 17.5.33516.290
MinimumVisualStudioVersion = 10.0.40219.1
Project("{FAE04EC0-301F-11D3-BF4B-00C04F79EFBC}") = "Purchasing Management System", "Purchasing Management System\Purchasing Management System.csproj", "{526DA68E-89F2-4D07-9857-1ACDFE802593}"
EndProject
Global
	GlobalSection(SolutionConfigurationPlatforms) = preSolution
		Debug|Any CPU = Debug|Any CPU
		Release|Any CPU = Release|Any CPU
	EndGlobalSection
	GlobalSection(ProjectConfigurationPlatforms) = postSolution
		{526DA68E-89F2-4D07-9857-1ACDFE802593}.Debug|Any CPU.ActiveCfg = Debug|Any CPU
		{526DA68E-89F2-4D07-9857-1ACDFE802593}.Debug|Any CPU.Build.0 = Debug|Any CPU
		{526DA68E-89F2-4D07-9857-1ACDFE802593}.Release|Any CPU.ActiveCfg = Release|Any CPU
		{526DA68E-89F2-4D07-9857-1ACDFE802593}.Release|Any CPU.Build.0 = Release|Any CPU
	EndGlobalSection
	GlobalSection(SolutionProperties) = preSolution
		HideSolutionNode = FALSE
	EndGlobalSection
	GlobalSection(ExtensibilityGlobals) = postSolution
		SolutionGuid = {A301384F-FB28-4DCB-B9FE-5A4D5A0D3ED4}
	EndGlobalSection
EndGlobal
